
Microsoft Visual Studio Solution File, Format Version 12.00
# Visual Studio Version 17
VisualStudioVersion = 17.5.001.0
MinimumVisualStudioVersion = 10.0.40219.1
Project("{9A19103F-16F7-4668-BE54-9A1E7A4F7556}") = "Zadacha54", "Zadacha54.csproj", "{ADFDB61C-4D1F-496D-9F05-5530736D0FB8}"
EndProject
Global
	GlobalSection(SolutionConfigurationPlatforms) = preSolution
		Debug|Any CPU = Debug|Any CPU
		Release|Any CPU = Release|Any CPU
	EndGlobalSection
	GlobalSection(ProjectConfigurationPlatforms) = postSolution
		{ADFDB61C-4D1F-496D-9F05-5530736D0FB8}.Debug|Any CPU.ActiveCfg = Debug|Any CPU
		{ADFDB61C-4D1F-496D-9F05-5530736D0FB8}.Debug|Any CPU.Build.0 = Debug|Any CPU
		{ADFDB61C-4D1F-496D-9F05-5530736D0FB8}.Release|Any CPU.ActiveCfg = Release|Any CPU
		{ADFDB61C-4D1F-496D-9F05-5530736D0FB8}.Release|Any CPU.Build.0 = Release|Any CPU
	EndGlobalSection
	GlobalSection(SolutionProperties) = preSolution
		HideSolutionNode = FALSE
	EndGlobalSection
	GlobalSection(ExtensibilityGlobals) = postSolution
		SolutionGuid = {78F88042-C9DF-4C14-9773-946CECA49B5F}
	EndGlobalSection
EndGlobal
